// !$*UTF8*$!
{
	archiveVersion = 1;
	classes = {
	};
	objectVersion = 56;
	objects = {

/* Begin PBXBuildFile section */
		230243A0293E3DEE00015082 /* QuizViewController.swift in Sources */ = {isa = PBXBuildFile; fileRef = 2302439F293E3DEE00015082 /* QuizViewController.swift */; };
		233FAE23293A49880045521A /* QuestionFolder.swift in Sources */ = {isa = PBXBuildFile; fileRef = 233FAE22293A49880045521A /* QuestionFolder.swift */; };
		233FAE25293A498D0045521A /* Question.swift in Sources */ = {isa = PBXBuildFile; fileRef = 233FAE24293A498C0045521A /* Question.swift */; };
		233FAE27293A49920045521A /* TemplateData.swift in Sources */ = {isa = PBXBuildFile; fileRef = 233FAE26293A49920045521A /* TemplateData.swift */; };
		233FAE29293A55330045521A /* MainDetailViewController.swift in Sources */ = {isa = PBXBuildFile; fileRef = 233FAE28293A55330045521A /* MainDetailViewController.swift */; };
		233FAE2B293A67440045521A /* colorExtension.swift in Sources */ = {isa = PBXBuildFile; fileRef = 233FAE2A293A67440045521A /* colorExtension.swift */; };
		2385C6112945C87C00B661FC /* UILabelExtension.swift in Sources */ = {isa = PBXBuildFile; fileRef = 2385C6102945C87C00B661FC /* UILabelExtension.swift */; };
		2385C6132945C95500B661FC /* UIButtonExtension.swift in Sources */ = {isa = PBXBuildFile; fileRef = 2385C6122945C95500B661FC /* UIButtonExtension.swift */; };
		239537E22947600B006CAB9D /* CustomViewController.swift in Sources */ = {isa = PBXBuildFile; fileRef = 239537E12947600B006CAB9D /* CustomViewController.swift */; };
		239537E429476022006CAB9D /* CustomListViewController.swift in Sources */ = {isa = PBXBuildFile; fileRef = 239537E329476022006CAB9D /* CustomListViewController.swift */; };
		239537E629476041006CAB9D /* CustomDetailViewController.swift in Sources */ = {isa = PBXBuildFile; fileRef = 239537E529476041006CAB9D /* CustomDetailViewController.swift */; };
		23AC8C032947732D003B3D62 /* MenuViewController.swift in Sources */ = {isa = PBXBuildFile; fileRef = 23AC8C022947732D003B3D62 /* MenuViewController.swift */; };
		23AC8C0529478B96003B3D62 /* QuestionStore.swift in Sources */ = {isa = PBXBuildFile; fileRef = 23AC8C0429478B96003B3D62 /* QuestionStore.swift */; };
		611C4E0A2937C97B002F14D4 /* MainListViewController.swift in Sources */ = {isa = PBXBuildFile; fileRef = 611C4E092937C97B002F14D4 /* MainListViewController.swift */; };
		61513F7B29350A5200ABE647 /* AppDelegate.swift in Sources */ = {isa = PBXBuildFile; fileRef = 61513F7A29350A5200ABE647 /* AppDelegate.swift */; };
		61513F7D29350A5200ABE647 /* SceneDelegate.swift in Sources */ = {isa = PBXBuildFile; fileRef = 61513F7C29350A5200ABE647 /* SceneDelegate.swift */; };
		61513F7F29350A5200ABE647 /* ViewController.swift in Sources */ = {isa = PBXBuildFile; fileRef = 61513F7E29350A5200ABE647 /* ViewController.swift */; };
		61513F8229350A5200ABE647 /* Main.storyboard in Resources */ = {isa = PBXBuildFile; fileRef = 61513F8029350A5200ABE647 /* Main.storyboard */; };
		61513F8429350A5300ABE647 /* Assets.xcassets in Resources */ = {isa = PBXBuildFile; fileRef = 61513F8329350A5300ABE647 /* Assets.xcassets */; };
		61513F8729350A5300ABE647 /* LaunchScreen.storyboard in Resources */ = {isa = PBXBuildFile; fileRef = 61513F8529350A5300ABE647 /* LaunchScreen.storyboard */; };
		618370C129366BF3002D36A7 /* MainViewController.swift in Sources */ = {isa = PBXBuildFile; fileRef = 618370C029366BF3002D36A7 /* MainViewController.swift */; };
/* End PBXBuildFile section */

/* Begin PBXFileReference section */
		2302439F293E3DEE00015082 /* QuizViewController.swift */ = {isa = PBXFileReference; lastKnownFileType = sourcecode.swift; path = QuizViewController.swift; sourceTree = "<group>"; };
		233FAE22293A49880045521A /* QuestionFolder.swift */ = {isa = PBXFileReference; fileEncoding = 4; lastKnownFileType = sourcecode.swift; path = QuestionFolder.swift; sourceTree = "<group>"; };
		233FAE24293A498C0045521A /* Question.swift */ = {isa = PBXFileReference; fileEncoding = 4; lastKnownFileType = sourcecode.swift; path = Question.swift; sourceTree = "<group>"; };
		233FAE26293A49920045521A /* TemplateData.swift */ = {isa = PBXFileReference; fileEncoding = 4; lastKnownFileType = sourcecode.swift; path = TemplateData.swift; sourceTree = "<group>"; };
		233FAE28293A55330045521A /* MainDetailViewController.swift */ = {isa = PBXFileReference; lastKnownFileType = sourcecode.swift; path = MainDetailViewController.swift; sourceTree = "<group>"; };
		233FAE2A293A67440045521A /* colorExtension.swift */ = {isa = PBXFileReference; lastKnownFileType = sourcecode.swift; path = colorExtension.swift; sourceTree = "<group>"; };
		2385C6102945C87C00B661FC /* UILabelExtension.swift */ = {isa = PBXFileReference; lastKnownFileType = sourcecode.swift; path = UILabelExtension.swift; sourceTree = "<group>"; };
		2385C6122945C95500B661FC /* UIButtonExtension.swift */ = {isa = PBXFileReference; lastKnownFileType = sourcecode.swift; path = UIButtonExtension.swift; sourceTree = "<group>"; };
		239537E12947600B006CAB9D /* CustomViewController.swift */ = {isa = PBXFileReference; lastKnownFileType = sourcecode.swift; path = CustomViewController.swift; sourceTree = "<group>"; };
		239537E329476022006CAB9D /* CustomListViewController.swift */ = {isa = PBXFileReference; lastKnownFileType = sourcecode.swift; path = CustomListViewController.swift; sourceTree = "<group>"; };
		239537E529476041006CAB9D /* CustomDetailViewController.swift */ = {isa = PBXFileReference; lastKnownFileType = sourcecode.swift; path = CustomDetailViewController.swift; sourceTree = "<group>"; };
		23AC8C022947732D003B3D62 /* MenuViewController.swift */ = {isa = PBXFileReference; lastKnownFileType = sourcecode.swift; path = MenuViewController.swift; sourceTree = "<group>"; };
		23AC8C0429478B96003B3D62 /* QuestionStore.swift */ = {isa = PBXFileReference; lastKnownFileType = sourcecode.swift; path = QuestionStore.swift; sourceTree = "<group>"; };
		611C4E092937C97B002F14D4 /* MainListViewController.swift */ = {isa = PBXFileReference; lastKnownFileType = sourcecode.swift; path = MainListViewController.swift; sourceTree = "<group>"; };
		61513F7729350A5200ABE647 /* Deterview.app */ = {isa = PBXFileReference; explicitFileType = wrapper.application; includeInIndex = 0; path = Deterview.app; sourceTree = BUILT_PRODUCTS_DIR; };
		61513F7A29350A5200ABE647 /* AppDelegate.swift */ = {isa = PBXFileReference; lastKnownFileType = sourcecode.swift; path = AppDelegate.swift; sourceTree = "<group>"; };
		61513F7C29350A5200ABE647 /* SceneDelegate.swift */ = {isa = PBXFileReference; lastKnownFileType = sourcecode.swift; path = SceneDelegate.swift; sourceTree = "<group>"; };
		61513F7E29350A5200ABE647 /* ViewController.swift */ = {isa = PBXFileReference; lastKnownFileType = sourcecode.swift; path = ViewController.swift; sourceTree = "<group>"; };
		61513F8129350A5200ABE647 /* Base */ = {isa = PBXFileReference; lastKnownFileType = file.storyboard; name = Base; path = Base.lproj/Main.storyboard; sourceTree = "<group>"; };
		61513F8329350A5300ABE647 /* Assets.xcassets */ = {isa = PBXFileReference; lastKnownFileType = folder.assetcatalog; path = Assets.xcassets; sourceTree = "<group>"; };
		61513F8629350A5300ABE647 /* Base */ = {isa = PBXFileReference; lastKnownFileType = file.storyboard; name = Base; path = Base.lproj/LaunchScreen.storyboard; sourceTree = "<group>"; };
		61513F8829350A5300ABE647 /* Info.plist */ = {isa = PBXFileReference; lastKnownFileType = text.plist.xml; path = Info.plist; sourceTree = "<group>"; };
		618370C029366BF3002D36A7 /* MainViewController.swift */ = {isa = PBXFileReference; lastKnownFileType = sourcecode.swift; path = MainViewController.swift; sourceTree = "<group>"; };
/* End PBXFileReference section */

/* Begin PBXFrameworksBuildPhase section */
		61513F7429350A5200ABE647 /* Frameworks */ = {
			isa = PBXFrameworksBuildPhase;
			buildActionMask = 2147483647;
			files = (
			);
			runOnlyForDeploymentPostprocessing = 0;
		};
/* End PBXFrameworksBuildPhase section */

/* Begin PBXGroup section */
		233FAE21293A49790045521A /* Model */ = {
			isa = PBXGroup;
			children = (
				233FAE22293A49880045521A /* QuestionFolder.swift */,
				233FAE24293A498C0045521A /* Question.swift */,
				233FAE26293A49920045521A /* TemplateData.swift */,
				23AC8C0429478B96003B3D62 /* QuestionStore.swift */,
			);
			path = Model;
			sourceTree = "<group>";
		};
		2385C60F2945C81F00B661FC /* Extension */ = {
			isa = PBXGroup;
			children = (
				2385C6122945C95500B661FC /* UIButtonExtension.swift */,
				2385C6102945C87C00B661FC /* UILabelExtension.swift */,
				233FAE2A293A67440045521A /* colorExtension.swift */,
			);
			path = Extension;
			sourceTree = "<group>";
		};
		61513F6E29350A5200ABE647 = {
			isa = PBXGroup;
			children = (
				23AC8C022947732D003B3D62 /* MenuViewController.swift */,
				61513F7929350A5200ABE647 /* Deterview */,
				61513F7829350A5200ABE647 /* Products */,
			);
			sourceTree = "<group>";
		};
		61513F7829350A5200ABE647 /* Products */ = {
			isa = PBXGroup;
			children = (
				61513F7729350A5200ABE647 /* Deterview.app */,
			);
			name = Products;
			sourceTree = "<group>";
		};
		61513F7929350A5200ABE647 /* Deterview */ = {
			isa = PBXGroup;
			children = (
				61513F7A29350A5200ABE647 /* AppDelegate.swift */,
				61513F7C29350A5200ABE647 /* SceneDelegate.swift */,
				61513F7E29350A5200ABE647 /* ViewController.swift */,
				233FAE21293A49790045521A /* Model */,
				61513F9C2935100300ABE647 /* View */,
				2385C60F2945C81F00B661FC /* Extension */,
				61513F8029350A5200ABE647 /* Main.storyboard */,
				61513F8329350A5300ABE647 /* Assets.xcassets */,
				61513F8529350A5300ABE647 /* LaunchScreen.storyboard */,
				61513F8829350A5300ABE647 /* Info.plist */,
			);
			path = Deterview;
			sourceTree = "<group>";
		};
		61513F9C2935100300ABE647 /* View */ = {
			isa = PBXGroup;
			children = (
				61513F9D2935102E00ABE647 /* Main */,
				61513F9E2935103F00ABE647 /* Custom */,
			);
			path = View;
			sourceTree = "<group>";
		};
		61513F9D2935102E00ABE647 /* Main */ = {
			isa = PBXGroup;
			children = (
				618370C029366BF3002D36A7 /* MainViewController.swift */,
				611C4E092937C97B002F14D4 /* MainListViewController.swift */,
				233FAE28293A55330045521A /* MainDetailViewController.swift */,
				2302439F293E3DEE00015082 /* QuizViewController.swift */,
			);
			path = Main;
			sourceTree = "<group>";
		};
		61513F9E2935103F00ABE647 /* Custom */ = {
			isa = PBXGroup;
			children = (
				239537E12947600B006CAB9D /* CustomViewController.swift */,
				239537E329476022006CAB9D /* CustomListViewController.swift */,
				239537E529476041006CAB9D /* CustomDetailViewController.swift */,
			);
			path = Custom;
			sourceTree = "<group>";
		};
/* End PBXGroup section */

/* Begin PBXNativeTarget section */
		61513F7629350A5200ABE647 /* Deterview */ = {
			isa = PBXNativeTarget;
			buildConfigurationList = 61513F8B29350A5300ABE647 /* Build configuration list for PBXNativeTarget "Deterview" */;
			buildPhases = (
				61513F7329350A5200ABE647 /* Sources */,
				61513F7429350A5200ABE647 /* Frameworks */,
				61513F7529350A5200ABE647 /* Resources */,
			);
			buildRules = (
			);
			dependencies = (
			);
			name = Deterview;
			productName = Deterview;
			productReference = 61513F7729350A5200ABE647 /* Deterview.app */;
			productType = "com.apple.product-type.application";
		};
/* End PBXNativeTarget section */

/* Begin PBXProject section */
		61513F6F29350A5200ABE647 /* Project object */ = {
			isa = PBXProject;
			attributes = {
				BuildIndependentTargetsInParallel = 1;
				LastSwiftUpdateCheck = 1410;
				LastUpgradeCheck = 1410;
				TargetAttributes = {
					61513F7629350A5200ABE647 = {
						CreatedOnToolsVersion = 14.1;
					};
				};
			};
			buildConfigurationList = 61513F7229350A5200ABE647 /* Build configuration list for PBXProject "Deterview" */;
			compatibilityVersion = "Xcode 14.0";
			developmentRegion = en;
			hasScannedForEncodings = 0;
			knownRegions = (
				en,
				Base,
			);
			mainGroup = 61513F6E29350A5200ABE647;
			productRefGroup = 61513F7829350A5200ABE647 /* Products */;
			projectDirPath = "";
			projectRoot = "";
			targets = (
				61513F7629350A5200ABE647 /* Deterview */,
			);
		};
/* End PBXProject section */

/* Begin PBXResourcesBuildPhase section */
		61513F7529350A5200ABE647 /* Resources */ = {
			isa = PBXResourcesBuildPhase;
			buildActionMask = 2147483647;
			files = (
				61513F8729350A5300ABE647 /* LaunchScreen.storyboard in Resources */,
				61513F8429350A5300ABE647 /* Assets.xcassets in Resources */,
				61513F8229350A5200ABE647 /* Main.storyboard in Resources */,
			);
			runOnlyForDeploymentPostprocessing = 0;
		};
/* End PBXResourcesBuildPhase section */

/* Begin PBXSourcesBuildPhase section */
		61513F7329350A5200ABE647 /* Sources */ = {
			isa = PBXSourcesBuildPhase;
			buildActionMask = 2147483647;
			files = (
				239537E629476041006CAB9D /* CustomDetailViewController.swift in Sources */,
				611C4E0A2937C97B002F14D4 /* MainListViewController.swift in Sources */,
				239537E22947600B006CAB9D /* CustomViewController.swift in Sources */,
				23AC8C0529478B96003B3D62 /* QuestionStore.swift in Sources */,
				233FAE2B293A67440045521A /* colorExtension.swift in Sources */,
				233FAE27293A49920045521A /* TemplateData.swift in Sources */,
				61513F7F29350A5200ABE647 /* ViewController.swift in Sources */,
				230243A0293E3DEE00015082 /* QuizViewController.swift in Sources */,
				233FAE23293A49880045521A /* QuestionFolder.swift in Sources */,
				61513F7B29350A5200ABE647 /* AppDelegate.swift in Sources */,
				233FAE29293A55330045521A /* MainDetailViewController.swift in Sources */,
				239537E429476022006CAB9D /* CustomListViewController.swift in Sources */,
				23AC8C032947732D003B3D62 /* MenuViewController.swift in Sources */,
				2385C6112945C87C00B661FC /* UILabelExtension.swift in Sources */,
				2385C6132945C95500B661FC /* UIButtonExtension.swift in Sources */,
				61513F7D29350A5200ABE647 /* SceneDelegate.swift in Sources */,
				233FAE25293A498D0045521A /* Question.swift in Sources */,
				618370C129366BF3002D36A7 /* MainViewController.swift in Sources */,
			);
			runOnlyForDeploymentPostprocessing = 0;
		};
/* End PBXSourcesBuildPhase section */

/* Begin PBXVariantGroup section */
		61513F8029350A5200ABE647 /* Main.storyboard */ = {
			isa = PBXVariantGroup;
			children = (
				61513F8129350A5200ABE647 /* Base */,
			);
			name = Main.storyboard;
			sourceTree = "<group>";
		};
		61513F8529350A5300ABE647 /* LaunchScreen.storyboard */ = {
			isa = PBXVariantGroup;
			children = (
				61513F8629350A5300ABE647 /* Base */,
			);
			name = LaunchScreen.storyboard;
			sourceTree = "<group>";
		};
/* End PBXVariantGroup section */

/* Begin XCBuildConfiguration section */
		61513F8929350A5300ABE647 /* Debug */ = {
			isa = XCBuildConfiguration;
			buildSettings = {
				ALWAYS_SEARCH_USER_PATHS = NO;
				CLANG_ANALYZER_NONNULL = YES;
				CLANG_ANALYZER_NUMBER_OBJECT_CONVERSION = YES_AGGRESSIVE;
				CLANG_CXX_LANGUAGE_STANDARD = "gnu++20";
				CLANG_ENABLE_MODULES = YES;
				CLANG_ENABLE_OBJC_ARC = YES;
				CLANG_ENABLE_OBJC_WEAK = YES;
				CLANG_WARN_BLOCK_CAPTURE_AUTORELEASING = YES;
				CLANG_WARN_BOOL_CONVERSION = YES;
				CLANG_WARN_COMMA = YES;
				CLANG_WARN_CONSTANT_CONVERSION = YES;
				CLANG_WARN_DEPRECATED_OBJC_IMPLEMENTATIONS = YES;
				CLANG_WARN_DIRECT_OBJC_ISA_USAGE = YES_ERROR;
				CLANG_WARN_DOCUMENTATION_COMMENTS = YES;
				CLANG_WARN_EMPTY_BODY = YES;
				CLANG_WARN_ENUM_CONVERSION = YES;
				CLANG_WARN_INFINITE_RECURSION = YES;
				CLANG_WARN_INT_CONVERSION = YES;
				CLANG_WARN_NON_LITERAL_NULL_CONVERSION = YES;
				CLANG_WARN_OBJC_IMPLICIT_RETAIN_SELF = YES;
				CLANG_WARN_OBJC_LITERAL_CONVERSION = YES;
				CLANG_WARN_OBJC_ROOT_CLASS = YES_ERROR;
				CLANG_WARN_QUOTED_INCLUDE_IN_FRAMEWORK_HEADER = YES;
				CLANG_WARN_RANGE_LOOP_ANALYSIS = YES;
				CLANG_WARN_STRICT_PROTOTYPES = YES;
				CLANG_WARN_SUSPICIOUS_MOVE = YES;
				CLANG_WARN_UNGUARDED_AVAILABILITY = YES_AGGRESSIVE;
				CLANG_WARN_UNREACHABLE_CODE = YES;
				CLANG_WARN__DUPLICATE_METHOD_MATCH = YES;
				COPY_PHASE_STRIP = NO;
				DEBUG_INFORMATION_FORMAT = dwarf;
				ENABLE_STRICT_OBJC_MSGSEND = YES;
				ENABLE_TESTABILITY = YES;
				GCC_C_LANGUAGE_STANDARD = gnu11;
				GCC_DYNAMIC_NO_PIC = NO;
				GCC_NO_COMMON_BLOCKS = YES;
				GCC_OPTIMIZATION_LEVEL = 0;
				GCC_PREPROCESSOR_DEFINITIONS = (
					"DEBUG=1",
					"$(inherited)",
				);
				GCC_WARN_64_TO_32_BIT_CONVERSION = YES;
				GCC_WARN_ABOUT_RETURN_TYPE = YES_ERROR;
				GCC_WARN_UNDECLARED_SELECTOR = YES;
				GCC_WARN_UNINITIALIZED_AUTOS = YES_AGGRESSIVE;
				GCC_WARN_UNUSED_FUNCTION = YES;
				GCC_WARN_UNUSED_VARIABLE = YES;
				IPHONEOS_DEPLOYMENT_TARGET = 16.1;
				MTL_ENABLE_DEBUG_INFO = INCLUDE_SOURCE;
				MTL_FAST_MATH = YES;
				ONLY_ACTIVE_ARCH = YES;
				SDKROOT = iphoneos;
				SWIFT_ACTIVE_COMPILATION_CONDITIONS = DEBUG;
				SWIFT_OPTIMIZATION_LEVEL = "-Onone";
			};
			name = Debug;
		};
		61513F8A29350A5300ABE647 /* Release */ = {
			isa = XCBuildConfiguration;
			buildSettings = {
				ALWAYS_SEARCH_USER_PATHS = NO;
				CLANG_ANALYZER_NONNULL = YES;
				CLANG_ANALYZER_NUMBER_OBJECT_CONVERSION = YES_AGGRESSIVE;
				CLANG_CXX_LANGUAGE_STANDARD = "gnu++20";
				CLANG_ENABLE_MODULES = YES;
				CLANG_ENABLE_OBJC_ARC = YES;
				CLANG_ENABLE_OBJC_WEAK = YES;
				CLANG_WARN_BLOCK_CAPTURE_AUTORELEASING = YES;
				CLANG_WARN_BOOL_CONVERSION = YES;
				CLANG_WARN_COMMA = YES;
				CLANG_WARN_CONSTANT_CONVERSION = YES;
				CLANG_WARN_DEPRECATED_OBJC_IMPLEMENTATIONS = YES;
				CLANG_WARN_DIRECT_OBJC_ISA_USAGE = YES_ERROR;
				CLANG_WARN_DOCUMENTATION_COMMENTS = YES;
				CLANG_WARN_EMPTY_BODY = YES;
				CLANG_WARN_ENUM_CONVERSION = YES;
				CLANG_WARN_INFINITE_RECURSION = YES;
				CLANG_WARN_INT_CONVERSION = YES;
				CLANG_WARN_NON_LITERAL_NULL_CONVERSION = YES;
				CLANG_WARN_OBJC_IMPLICIT_RETAIN_SELF = YES;
				CLANG_WARN_OBJC_LITERAL_CONVERSION = YES;
				CLANG_WARN_OBJC_ROOT_CLASS = YES_ERROR;
				CLANG_WARN_QUOTED_INCLUDE_IN_FRAMEWORK_HEADER = YES;
				CLANG_WARN_RANGE_LOOP_ANALYSIS = YES;
				CLANG_WARN_STRICT_PROTOTYPES = YES;
				CLANG_WARN_SUSPICIOUS_MOVE = YES;
				CLANG_WARN_UNGUARDED_AVAILABILITY = YES_AGGRESSIVE;
				CLANG_WARN_UNREACHABLE_CODE = YES;
				CLANG_WARN__DUPLICATE_METHOD_MATCH = YES;
				COPY_PHASE_STRIP = NO;
				DEBUG_INFORMATION_FORMAT = "dwarf-with-dsym";
				ENABLE_NS_ASSERTIONS = NO;
				ENABLE_STRICT_OBJC_MSGSEND = YES;
				GCC_C_LANGUAGE_STANDARD = gnu11;
				GCC_NO_COMMON_BLOCKS = YES;
				GCC_WARN_64_TO_32_BIT_CONVERSION = YES;
				GCC_WARN_ABOUT_RETURN_TYPE = YES_ERROR;
				GCC_WARN_UNDECLARED_SELECTOR = YES;
				GCC_WARN_UNINITIALIZED_AUTOS = YES_AGGRESSIVE;
				GCC_WARN_UNUSED_FUNCTION = YES;
				GCC_WARN_UNUSED_VARIABLE = YES;
				IPHONEOS_DEPLOYMENT_TARGET = 16.1;
				MTL_ENABLE_DEBUG_INFO = NO;
				MTL_FAST_MATH = YES;
				SDKROOT = iphoneos;
				SWIFT_COMPILATION_MODE = wholemodule;
				SWIFT_OPTIMIZATION_LEVEL = "-O";
				VALIDATE_PRODUCT = YES;
			};
			name = Release;
		};
		61513F8C29350A5300ABE647 /* Debug */ = {
			isa = XCBuildConfiguration;
			buildSettings = {
				ASSETCATALOG_COMPILER_APPICON_NAME = AppIcon;
				ASSETCATALOG_COMPILER_GLOBAL_ACCENT_COLOR_NAME = AccentColor;
				CODE_SIGN_STYLE = Automatic;
				CURRENT_PROJECT_VERSION = 1;
				GENERATE_INFOPLIST_FILE = YES;
				INFOPLIST_FILE = Deterview/Info.plist;
				INFOPLIST_KEY_UIApplicationSupportsIndirectInputEvents = YES;
				INFOPLIST_KEY_UILaunchStoryboardName = LaunchScreen;
				INFOPLIST_KEY_UIMainStoryboardFile = Main;
				INFOPLIST_KEY_UISupportedInterfaceOrientations_iPad = "UIInterfaceOrientationPortrait UIInterfaceOrientationPortraitUpsideDown UIInterfaceOrientationLandscapeLeft UIInterfaceOrientationLandscapeRight";
				INFOPLIST_KEY_UISupportedInterfaceOrientations_iPhone = "UIInterfaceOrientationPortrait UIInterfaceOrientationLandscapeLeft UIInterfaceOrientationLandscapeRight";
				LD_RUNPATH_SEARCH_PATHS = (
					"$(inherited)",
					"@executable_path/Frameworks",
				);
				MARKETING_VERSION = 1.0;
				PRODUCT_BUNDLE_IDENTIFIER = com.codelion.Deterview;
				PRODUCT_NAME = "$(TARGET_NAME)";
				SWIFT_EMIT_LOC_STRINGS = YES;
				SWIFT_VERSION = 5.0;
				TARGETED_DEVICE_FAMILY = "1,2";
			};
			name = Debug;
		};
		61513F8D29350A5300ABE647 /* Release */ = {
			isa = XCBuildConfiguration;
			buildSettings = {
				ASSETCATALOG_COMPILER_APPICON_NAME = AppIcon;
				ASSETCATALOG_COMPILER_GLOBAL_ACCENT_COLOR_NAME = AccentColor;
				CODE_SIGN_STYLE = Automatic;
				CURRENT_PROJECT_VERSION = 1;
				GENERATE_INFOPLIST_FILE = YES;
				INFOPLIST_FILE = Deterview/Info.plist;
				INFOPLIST_KEY_UIApplicationSupportsIndirectInputEvents = YES;
				INFOPLIST_KEY_UILaunchStoryboardName = LaunchScreen;
				INFOPLIST_KEY_UIMainStoryboardFile = Main;
				INFOPLIST_KEY_UISupportedInterfaceOrientations_iPad = "UIInterfaceOrientationPortrait UIInterfaceOrientationPortraitUpsideDown UIInterfaceOrientationLandscapeLeft UIInterfaceOrientationLandscapeRight";
				INFOPLIST_KEY_UISupportedInterfaceOrientations_iPhone = "UIInterfaceOrientationPortrait UIInterfaceOrientationLandscapeLeft UIInterfaceOrientationLandscapeRight";
				LD_RUNPATH_SEARCH_PATHS = (
					"$(inherited)",
					"@executable_path/Frameworks",
				);
				MARKETING_VERSION = 1.0;
				PRODUCT_BUNDLE_IDENTIFIER = com.codelion.Deterview;
				PRODUCT_NAME = "$(TARGET_NAME)";
				SWIFT_EMIT_LOC_STRINGS = YES;
				SWIFT_VERSION = 5.0;
				TARGETED_DEVICE_FAMILY = "1,2";
			};
			name = Release;
		};
/* End XCBuildConfiguration section */

/* Begin XCConfigurationList section */
		61513F7229350A5200ABE647 /* Build configuration list for PBXProject "Deterview" */ = {
			isa = XCConfigurationList;
			buildConfigurations = (
				61513F8929350A5300ABE647 /* Debug */,
				61513F8A29350A5300ABE647 /* Release */,
			);
			defaultConfigurationIsVisible = 0;
			defaultConfigurationName = Release;
		};
		61513F8B29350A5300ABE647 /* Build configuration list for PBXNativeTarget "Deterview" */ = {
			isa = XCConfigurationList;
			buildConfigurations = (
				61513F8C29350A5300ABE647 /* Debug */,
				61513F8D29350A5300ABE647 /* Release */,
			);
			defaultConfigurationIsVisible = 0;
			defaultConfigurationName = Release;
		};
/* End XCConfigurationList section */
	};
	rootObject = 61513F6F29350A5200ABE647 /* Project object */;
}
